version = 1
revision = 1
requires-python = ">=3.13"

[[package]]
name = "narwhals"
version = "2.10.2"
source = { registry = "https://pypi.org/simple" }
sdist = { url = "https://files.pythonhosted.org/packages/c5/dc/8db74daf8c2690ec696c1d772a33cc01511559ee8a9e92d7ed85a18e3c22/narwhals-2.10.2.tar.gz", hash = "sha256:ff738a08bc993cbb792266bec15346c1d85cc68fdfe82a23283c3713f78bd354", size = 584954 }
wheels = [
    { url = "https://files.pythonhosted.org/packages/47/a9/9e02fa97e421a355fc5e818e9c488080fce04a8e0eebb3ed75a84f041c4a/narwhals-2.10.2-py3-none-any.whl", hash = "sha256:059cd5c6751161b97baedcaf17a514c972af6a70f36a89af17de1a0caf519c43", size = 419573 },
]

[[package]]
name = "packaging"
version = "25.0"
source = { registry = "https://pypi.org/simple" }
sdist = { url = "https://files.pythonhosted.org/packages/a1/d4/1fc4078c65507b51b96ca8f8c3ba19e6a61c8253c72794544580a7b6c24d/packaging-25.0.tar.gz", hash = "sha256:d443872c98d677bf60f6a1f2f8c1cb748e8fe762d2bf9d3148b5599295b0fc4f", size = 165727 }
wheels = [
    { url = "https://files.pythonhosted.org/packages/20/12/38679034af332785aac8774540895e234f4d07f7545804097de4b666afd8/packaging-25.0-py3-none-any.whl", hash = "sha256:29572ef2b1f17581046b3a2227d5c611fb25ec70ca1ba8554b24b0e69331a484", size = 66469 },
]

[[package]]
name = "pantab"
version = "5.2.2"
source = { registry = "https://pypi.org/simple" }
dependencies = [
    { name = "pyarrow" },
]
wheels = [
    { url = "https://files.pythonhosted.org/packages/3a/34/1ee1a6352eb020e70e99f76c57929c2b3a6950ff1697b7888c178b452d72/pantab-5.2.2-cp313-cp313-macosx_11_0_arm64.whl", hash = "sha256:3862ecd9a86cd2c4cf1e1e2b8eeb74b30eaa7667907f3a24dba18756f0e845c7", size = 72767445 },
    { url = "https://files.pythonhosted.org/packages/98/8c/7242a1edf8c5944bc65c8daed0df7e34072a1110e2661a35a26475fc968c/pantab-5.2.2-cp313-cp313-macosx_11_0_x86_64.whl", hash = "sha256:9b584d31fcd3c82b65314346910fe449ce4389dbc5e5f16571eae05aea094881", size = 73842766 },
    { url = "https://files.pythonhosted.org/packages/69/c3/a2f47139d041cacbeebc1b88d15c839d0ecefa8f2c6a13fe5edd0a989816/pantab-5.2.2-cp313-cp313-manylinux_2_27_x86_64.manylinux_2_28_x86_64.whl", hash = "sha256:5544f358d0a5fd43ebd323cd567f4956433a91a2cf2f41a77b1e5137fe14fe2f", size = 77422869 },
    { url = "https://files.pythonhosted.org/packages/2d/c9/5c2c945717e0afd71be10d256d5c94c0effe63db7d9ad50167b3f4417592/pantab-5.2.2-cp313-cp313-win_amd64.whl", hash = "sha256:b34d28ec1c95f841c94d3d6012ac4435167a2c4dc461f9cf51a159125a52054b", size = 60358990 },
]

[[package]]
name = "plotly"
version = "6.4.0"
source = { registry = "https://pypi.org/simple" }
dependencies = [
    { name = "narwhals" },
    { name = "packaging" },
]
sdist = { url = "https://files.pythonhosted.org/packages/06/e6/b768650072837505804bed4790c5449ba348a3b720e27ca7605414e998cd/plotly-6.4.0.tar.gz", hash = "sha256:68c6db2ed2180289ef978f087841148b7efda687552276da15a6e9b92107052a", size = 7012379 }
wheels = [
    { url = "https://files.pythonhosted.org/packages/78/ae/89b45ccccfeebc464c9233de5675990f75241b8ee4cd63227800fdf577d1/plotly-6.4.0-py3-none-any.whl", hash = "sha256:a1062eafbdc657976c2eedd276c90e184ccd6c21282a5e9ee8f20efca9c9a4c5", size = 9892458 },
]

[[package]]
name = "polars"
version = "1.35.1"
source = { registry = "https://pypi.org/simple" }
dependencies = [
    { name = "polars-runtime-32" },
]
sdist = { url = "https://files.pythonhosted.org/packages/9b/5b/3caad788d93304026cbf0ab4c37f8402058b64a2f153b9c62f8b30f5d2ee/polars-1.35.1.tar.gz", hash = "sha256:06548e6d554580151d6ca7452d74bceeec4640b5b9261836889b8e68cfd7a62e", size = 694881 }
wheels = [
    { url = "https://files.pythonhosted.org/packages/9f/4c/21a227b722534404241c2a76beceb7463469d50c775a227fc5c209eb8adc/polars-1.35.1-py3-none-any.whl", hash = "sha256:c29a933f28aa330d96a633adbd79aa5e6a6247a802a720eead9933f4613bdbf4", size = 783598 },
]

[[package]]
name = "polars-runtime-32"
version = "1.35.1"
source = { registry = "https://pypi.org/simple" }
sdist = { url = "https://files.pythonhosted.org/packages/df/3e/19c252e8eb4096300c1a36ec3e50a27e5fa9a1ccaf32d3927793c16abaee/polars_runtime_32-1.35.1.tar.gz", hash = "sha256:f6b4ec9cd58b31c87af1b8c110c9c986d82345f1d50d7f7595b5d447a19dc365", size = 2696218 }
wheels = [
    { url = "https://files.pythonhosted.org/packages/08/2c/da339459805a26105e9d9c2f07e43ca5b8baeee55acd5457e6881487a79a/polars_runtime_32-1.35.1-cp39-abi3-macosx_10_12_x86_64.whl", hash = "sha256:6f051a42f6ae2f26e3bc2cf1f170f2120602976e2a3ffb6cfba742eecc7cc620", size = 40525100 },
    { url = "https://files.pythonhosted.org/packages/27/70/a0733568b3533481924d2ce68b279ab3d7334e5fa6ed259f671f650b7c5e/polars_runtime_32-1.35.1-cp39-abi3-macosx_11_0_arm64.whl", hash = "sha256:c2232f9cf05ba59efc72d940b86c033d41fd2d70bf2742e8115ed7112a766aa9", size = 36701908 },
    { url = "https://files.pythonhosted.org/packages/46/54/6c09137bef9da72fd891ba58c2962cc7c6c5cad4649c0e668d6b344a9d7b/polars_runtime_32-1.35.1-cp39-abi3-manylinux_2_17_x86_64.manylinux2014_x86_64.whl", hash = "sha256:42f9837348557fd674477ea40a6ac8a7e839674f6dd0a199df24be91b026024c", size = 41317692 },
    { url = "https://files.pythonhosted.org/packages/22/55/81c5b266a947c339edd7fbaa9e1d9614012d02418453f48b76cc177d3dd9/polars_runtime_32-1.35.1-cp39-abi3-manylinux_2_24_aarch64.whl", hash = "sha256:c873aeb36fed182d5ebc35ca17c7eb193fe83ae2ea551ee8523ec34776731390", size = 37853058 },
    { url = "https://files.pythonhosted.org/packages/6c/58/be8b034d559eac515f52408fd6537be9bea095bc0388946a4e38910d3d50/polars_runtime_32-1.35.1-cp39-abi3-win_amd64.whl", hash = "sha256:35cde9453ca7032933f0e58e9ed4388f5a1e415dd0db2dd1e442c81d815e630c", size = 41289554 },
    { url = "https://files.pythonhosted.org/packages/f4/7f/e0111b9e2a1169ea82cde3ded9c92683e93c26dfccd72aee727996a1ac5b/polars_runtime_32-1.35.1-cp39-abi3-win_arm64.whl", hash = "sha256:fd77757a6c9eb9865c4bfb7b07e22225207c6b7da382bd0b9bd47732f637105d", size = 36958878 },
]

[[package]]
name = "pyarrow"
version = "22.0.0"
source = { registry = "https://pypi.org/simple" }
sdist = { url = "https://files.pythonhosted.org/packages/30/53/04a7fdc63e6056116c9ddc8b43bc28c12cdd181b85cbeadb79278475f3ae/pyarrow-22.0.0.tar.gz", hash = "sha256:3d600dc583260d845c7d8a6db540339dd883081925da2bd1c5cb808f720b3cd9", size = 1151151 }
wheels = [
    { url = "https://files.pythonhosted.org/packages/a6/d6/d0fac16a2963002fc22c8fa75180a838737203d558f0ed3b564c4a54eef5/pyarrow-22.0.0-cp313-cp313-macosx_12_0_arm64.whl", hash = "sha256:e6e95176209257803a8b3d0394f21604e796dadb643d2f7ca21b66c9c0b30c9a", size = 34204629 },
    { url = "https://files.pythonhosted.org/packages/c6/9c/1d6357347fbae062ad3f17082f9ebc29cc733321e892c0d2085f42a2212b/pyarrow-22.0.0-cp313-cp313-macosx_12_0_x86_64.whl", hash = "sha256:001ea83a58024818826a9e3f89bf9310a114f7e26dfe404a4c32686f97bd7901", size = 35985783 },
    { url = "https://files.pythonhosted.org/packages/ff/c0/782344c2ce58afbea010150df07e3a2f5fdad299cd631697ae7bd3bac6e3/pyarrow-22.0.0-cp313-cp313-manylinux_2_28_aarch64.whl", hash = "sha256:ce20fe000754f477c8a9125543f1936ea5b8867c5406757c224d745ed033e691", size = 45020999 },
    { url = "https://files.pythonhosted.org/packages/1b/8b/5362443737a5307a7b67c1017c42cd104213189b4970bf607e05faf9c525/pyarrow-22.0.0-cp313-cp313-manylinux_2_28_x86_64.whl", hash = "sha256:e0a15757fccb38c410947df156f9749ae4a3c89b2393741a50521f39a8cf202a", size = 47724601 },
    { url = "https://files.pythonhosted.org/packages/69/4d/76e567a4fc2e190ee6072967cb4672b7d9249ac59ae65af2d7e3047afa3b/pyarrow-22.0.0-cp313-cp313-musllinux_1_2_aarch64.whl", hash = "sha256:cedb9dd9358e4ea1d9bce3665ce0797f6adf97ff142c8e25b46ba9cdd508e9b6", size = 48001050 },
    { url = "https://files.pythonhosted.org/packages/01/5e/5653f0535d2a1aef8223cee9d92944cb6bccfee5cf1cd3f462d7cb022790/pyarrow-22.0.0-cp313-cp313-musllinux_1_2_x86_64.whl", hash = "sha256:252be4a05f9d9185bb8c18e83764ebcfea7185076c07a7a662253af3a8c07941", size = 50307877 },
    { url = "https://files.pythonhosted.org/packages/2d/f8/1d0bd75bf9328a3b826e24a16e5517cd7f9fbf8d34a3184a4566ef5a7f29/pyarrow-22.0.0-cp313-cp313-win_amd64.whl", hash = "sha256:a4893d31e5ef780b6edcaf63122df0f8d321088bb0dee4c8c06eccb1ca28d145", size = 27977099 },
    { url = "https://files.pythonhosted.org/packages/90/81/db56870c997805bf2b0f6eeeb2d68458bf4654652dccdcf1bf7a42d80903/pyarrow-22.0.0-cp313-cp313t-macosx_12_0_arm64.whl", hash = "sha256:f7fe3dbe871294ba70d789be16b6e7e52b418311e166e0e3cba9522f0f437fb1", size = 34336685 },
    { url = "https://files.pythonhosted.org/packages/1c/98/0727947f199aba8a120f47dfc229eeb05df15bcd7a6f1b669e9f882afc58/pyarrow-22.0.0-cp313-cp313t-macosx_12_0_x86_64.whl", hash = "sha256:ba95112d15fd4f1105fb2402c4eab9068f0554435e9b7085924bcfaac2cc306f", size = 36032158 },
    { url = "https://files.pythonhosted.org/packages/96/b4/9babdef9c01720a0785945c7cf550e4acd0ebcd7bdd2e6f0aa7981fa85e2/pyarrow-22.0.0-cp313-cp313t-manylinux_2_28_aarch64.whl", hash = "sha256:c064e28361c05d72eed8e744c9605cbd6d2bb7481a511c74071fd9b24bc65d7d", size = 44892060 },
    { url = "https://files.pythonhosted.org/packages/f8/ca/2f8804edd6279f78a37062d813de3f16f29183874447ef6d1aadbb4efa0f/pyarrow-22.0.0-cp313-cp313t-manylinux_2_28_x86_64.whl", hash = "sha256:6f9762274496c244d951c819348afbcf212714902742225f649cf02823a6a10f", size = 47504395 },
    { url = "https://files.pythonhosted.org/packages/b9/f0/77aa5198fd3943682b2e4faaf179a674f0edea0d55d326d83cb2277d9363/pyarrow-22.0.0-cp313-cp313t-musllinux_1_2_aarch64.whl", hash = "sha256:a9d9ffdc2ab696f6b15b4d1f7cec6658e1d788124418cb30030afbae31c64746", size = 48066216 },
    { url = "https://files.pythonhosted.org/packages/79/87/a1937b6e78b2aff18b706d738c9e46ade5bfcf11b294e39c87706a0089ac/pyarrow-22.0.0-cp313-cp313t-musllinux_1_2_x86_64.whl", hash = "sha256:ec1a15968a9d80da01e1d30349b2b0d7cc91e96588ee324ce1b5228175043e95", size = 50288552 },
    { url = "https://files.pythonhosted.org/packages/60/ae/b5a5811e11f25788ccfdaa8f26b6791c9807119dffcf80514505527c384c/pyarrow-22.0.0-cp313-cp313t-win_amd64.whl", hash = "sha256:bba208d9c7decf9961998edf5c65e3ea4355d5818dd6cd0f6809bec1afb951cc", size = 28262504 },
    { url = "https://files.pythonhosted.org/packages/bd/b0/0fa4d28a8edb42b0a7144edd20befd04173ac79819547216f8a9f36f9e50/pyarrow-22.0.0-cp314-cp314-macosx_12_0_arm64.whl", hash = "sha256:9bddc2cade6561f6820d4cd73f99a0243532ad506bc510a75a5a65a522b2d74d", size = 34224062 },
    { url = "https://files.pythonhosted.org/packages/0f/a8/7a719076b3c1be0acef56a07220c586f25cd24de0e3f3102b438d18ae5df/pyarrow-22.0.0-cp314-cp314-macosx_12_0_x86_64.whl", hash = "sha256:e70ff90c64419709d38c8932ea9fe1cc98415c4f87ea8da81719e43f02534bc9", size = 35990057 },
    { url = "https://files.pythonhosted.org/packages/89/3c/359ed54c93b47fb6fe30ed16cdf50e3f0e8b9ccfb11b86218c3619ae50a8/pyarrow-22.0.0-cp314-cp314-manylinux_2_28_aarch64.whl", hash = "sha256:92843c305330aa94a36e706c16209cd4df274693e777ca47112617db7d0ef3d7", size = 45068002 },
    { url = "https://files.pythonhosted.org/packages/55/fc/4945896cc8638536ee787a3bd6ce7cec8ec9acf452d78ec39ab328efa0a1/pyarrow-22.0.0-cp314-cp314-manylinux_2_28_x86_64.whl", hash = "sha256:6dda1ddac033d27421c20d7a7943eec60be44e0db4e079f33cc5af3b8280ccde", size = 47737765 },
    { url = "https://files.pythonhosted.org/packages/cd/5e/7cb7edeb2abfaa1f79b5d5eb89432356155c8426f75d3753cbcb9592c0fd/pyarrow-22.0.0-cp314-cp314-musllinux_1_2_aarch64.whl", hash = "sha256:84378110dd9a6c06323b41b56e129c504d157d1a983ce8f5443761eb5256bafc", size = 48048139 },
    { url = "https://files.pythonhosted.org/packages/88/c6/546baa7c48185f5e9d6e59277c4b19f30f48c94d9dd938c2a80d4d6b067c/pyarrow-22.0.0-cp314-cp314-musllinux_1_2_x86_64.whl", hash = "sha256:854794239111d2b88b40b6ef92aa478024d1e5074f364033e73e21e3f76b25e0", size = 50314244 },
    { url = "https://files.pythonhosted.org/packages/3c/79/755ff2d145aafec8d347bf18f95e4e81c00127f06d080135dfc86aea417c/pyarrow-22.0.0-cp314-cp314-win_amd64.whl", hash = "sha256:b883fe6fd85adad7932b3271c38ac289c65b7337c2c132e9569f9d3940620730", size = 28757501 },
    { url = "https://files.pythonhosted.org/packages/0e/d2/237d75ac28ced3147912954e3c1a174df43a95f4f88e467809118a8165e0/pyarrow-22.0.0-cp314-cp314t-macosx_12_0_arm64.whl", hash = "sha256:7a820d8ae11facf32585507c11f04e3f38343c1e784c9b5a8b1da5c930547fe2", size = 34355506 },
    { url = "https://files.pythonhosted.org/packages/1e/2c/733dfffe6d3069740f98e57ff81007809067d68626c5faef293434d11bd6/pyarrow-22.0.0-cp314-cp314t-macosx_12_0_x86_64.whl", hash = "sha256:c6ec3675d98915bf1ec8b3c7986422682f7232ea76cad276f4c8abd5b7319b70", size = 36047312 },
    { url = "https://files.pythonhosted.org/packages/7c/2b/29d6e3782dc1f299727462c1543af357a0f2c1d3c160ce199950d9ca51eb/pyarrow-22.0.0-cp314-cp314t-manylinux_2_28_aarch64.whl", hash = "sha256:3e739edd001b04f654b166204fc7a9de896cf6007eaff33409ee9e50ceaff754", size = 45081609 },
    { url = "https://files.pythonhosted.org/packages/8d/42/aa9355ecc05997915af1b7b947a7f66c02dcaa927f3203b87871c114ba10/pyarrow-22.0.0-cp314-cp314t-manylinux_2_28_x86_64.whl", hash = "sha256:7388ac685cab5b279a41dfe0a6ccd99e4dbf322edfb63e02fc0443bf24134e91", size = 47703663 },
    { url = "https://files.pythonhosted.org/packages/ee/62/45abedde480168e83a1de005b7b7043fd553321c1e8c5a9a114425f64842/pyarrow-22.0.0-cp314-cp314t-musllinux_1_2_aarch64.whl", hash = "sha256:f633074f36dbc33d5c05b5dc75371e5660f1dbf9c8b1d95669def05e5425989c", size = 48066543 },
    { url = "https://files.pythonhosted.org/packages/84/e9/7878940a5b072e4f3bf998770acafeae13b267f9893af5f6d4ab3904b67e/pyarrow-22.0.0-cp314-cp314t-musllinux_1_2_x86_64.whl", hash = "sha256:4c19236ae2402a8663a2c8f21f1870a03cc57f0bef7e4b6eb3238cc82944de80", size = 50288838 },
    { url = "https://files.pythonhosted.org/packages/7b/03/f335d6c52b4a4761bcc83499789a1e2e16d9d201a58c327a9b5cc9a41bd9/pyarrow-22.0.0-cp314-cp314t-win_amd64.whl", hash = "sha256:0c34fe18094686194f204a3b1787a27456897d8a2d62caf84b61e8dfbc0252ae", size = 29185594 },
]

[[package]]
name = "san-jose-animal-shelter-analysis"
version = "0.1.0"
source = { virtual = "." }
dependencies = [
    { name = "pantab" },
    { name = "plotly" },
    { name = "polars" },
]

[package.metadata]
requires-dist = [
    { name = "pantab", specifier = ">=5.2.2" },
    { name = "plotly", specifier = ">=6.4.0" },
    { name = "polars", specifier = ">=1.35.1" },
]
